
Microsoft Visual Studio Solution File, Format Version 12.00
# Visual Studio Version 17
VisualStudioVersion = 17.12.35309.182
MinimumVisualStudioVersion = 10.0.40219.1
Project("{FAE04EC0-301F-11D3-BF4B-00C04F79EFBC}") = "Prof.Hub.WebApi", "src\Prof.Hub.WebApi\Prof.Hub.WebApi.csproj", "{036BA60B-5F44-476E-9B6D-7FCF8A5450C2}"
EndProject
Project("{FAE04EC0-301F-11D3-BF4B-00C04F79EFBC}") = "Prof.Hub.Domain", "src\Prof.Hub.Domain\Prof.Hub.Domain.csproj", "{AAE62073-C5BD-4FB9-B0FB-5B9833394DFF}"
EndProject
Project("{FAE04EC0-301F-11D3-BF4B-00C04F79EFBC}") = "Prof.Hub.Infrastructure", "src\Prof.Hub.Infrastructure\Prof.Hub.Infrastructure.csproj", "{FAB7B05C-760E-4EEC-83A5-55732D8AB92A}"
EndProject
Project("{FAE04EC0-301F-11D3-BF4B-00C04F79EFBC}") = "Prof.Hub.Application", "src\Prof.Hub.Application\Prof.Hub.Application.csproj", "{97F17C0A-E9F0-43EB-9A4A-3B9427394165}"
EndProject
Project("{2150E333-8FDC-42A3-9474-1A3956D46DE8}") = "0 - SolutionItens", "0 - SolutionItens", "{F172A46E-56B8-4258-AB7C-993BA467C948}"
EndProject
Project("{2150E333-8FDC-42A3-9474-1A3956D46DE8}") = "1 - WebApi", "1 - WebApi", "{705EFCAD-52AA-4607-8847-B9187E767979}"
EndProject
Project("{2150E333-8FDC-42A3-9474-1A3956D46DE8}") = "2 - Application", "2 - Application", "{903D6018-8492-4D5C-990C-7068B06197BB}"
EndProject
Project("{2150E333-8FDC-42A3-9474-1A3956D46DE8}") = "3 - Domain", "3 - Domain", "{C2D968EF-B818-406D-800E-6BE2B9999051}"
EndProject
Project("{2150E333-8FDC-42A3-9474-1A3956D46DE8}") = "4 - Infrastructure", "4 - Infrastructure", "{17E30E9C-2B91-40A0-8694-69F41F6072A5}"
EndProject
Project("{2150E333-8FDC-42A3-9474-1A3956D46DE8}") = "tests", "tests", "{5EC9BB25-A732-47F6-BF30-125117011A03}"
EndProject
Project("{2150E333-8FDC-42A3-9474-1A3956D46DE8}") = "src", "src", "{6B08358E-D472-4432-9A30-190E4FA6A4A9}"
EndProject
Project("{2150E333-8FDC-42A3-9474-1A3956D46DE8}") = "5 - SharedKernel", "5 - SharedKernel", "{8A4C3A63-A4E3-46B1-9292-87E2DC401787}"
EndProject
Project("{FAE04EC0-301F-11D3-BF4B-00C04F79EFBC}") = "Prof.Hub.SharedKernel", "Prof.Hub.SharedKernel\Prof.Hub.SharedKernel.csproj", "{5681D600-12D4-4970-87F8-5123C38BE81C}"
EndProject
Global
	GlobalSection(SolutionConfigurationPlatforms) = preSolution
		Debug|Any CPU = Debug|Any CPU
		Release|Any CPU = Release|Any CPU
	EndGlobalSection
	GlobalSection(ProjectConfigurationPlatforms) = postSolution
		{036BA60B-5F44-476E-9B6D-7FCF8A5450C2}.Debug|Any CPU.ActiveCfg = Debug|Any CPU
		{036BA60B-5F44-476E-9B6D-7FCF8A5450C2}.Debug|Any CPU.Build.0 = Debug|Any CPU
		{036BA60B-5F44-476E-9B6D-7FCF8A5450C2}.Release|Any CPU.ActiveCfg = Release|Any CPU
		{036BA60B-5F44-476E-9B6D-7FCF8A5450C2}.Release|Any CPU.Build.0 = Release|Any CPU
		{AAE62073-C5BD-4FB9-B0FB-5B9833394DFF}.Debug|Any CPU.ActiveCfg = Debug|Any CPU
		{AAE62073-C5BD-4FB9-B0FB-5B9833394DFF}.Debug|Any CPU.Build.0 = Debug|Any CPU
		{AAE62073-C5BD-4FB9-B0FB-5B9833394DFF}.Release|Any CPU.ActiveCfg = Release|Any CPU
		{AAE62073-C5BD-4FB9-B0FB-5B9833394DFF}.Release|Any CPU.Build.0 = Release|Any CPU
		{FAB7B05C-760E-4EEC-83A5-55732D8AB92A}.Debug|Any CPU.ActiveCfg = Debug|Any CPU
		{FAB7B05C-760E-4EEC-83A5-55732D8AB92A}.Debug|Any CPU.Build.0 = Debug|Any CPU
		{FAB7B05C-760E-4EEC-83A5-55732D8AB92A}.Release|Any CPU.ActiveCfg = Release|Any CPU
		{FAB7B05C-760E-4EEC-83A5-55732D8AB92A}.Release|Any CPU.Build.0 = Release|Any CPU
		{97F17C0A-E9F0-43EB-9A4A-3B9427394165}.Debug|Any CPU.ActiveCfg = Debug|Any CPU
		{97F17C0A-E9F0-43EB-9A4A-3B9427394165}.Debug|Any CPU.Build.0 = Debug|Any CPU
		{97F17C0A-E9F0-43EB-9A4A-3B9427394165}.Release|Any CPU.ActiveCfg = Release|Any CPU
		{97F17C0A-E9F0-43EB-9A4A-3B9427394165}.Release|Any CPU.Build.0 = Release|Any CPU
		{5681D600-12D4-4970-87F8-5123C38BE81C}.Debug|Any CPU.ActiveCfg = Debug|Any CPU
		{5681D600-12D4-4970-87F8-5123C38BE81C}.Debug|Any CPU.Build.0 = Debug|Any CPU
		{5681D600-12D4-4970-87F8-5123C38BE81C}.Release|Any CPU.ActiveCfg = Release|Any CPU
		{5681D600-12D4-4970-87F8-5123C38BE81C}.Release|Any CPU.Build.0 = Release|Any CPU
	EndGlobalSection
	GlobalSection(SolutionProperties) = preSolution
		HideSolutionNode = FALSE
	EndGlobalSection
	GlobalSection(NestedProjects) = preSolution
		{036BA60B-5F44-476E-9B6D-7FCF8A5450C2} = {705EFCAD-52AA-4607-8847-B9187E767979}
		{AAE62073-C5BD-4FB9-B0FB-5B9833394DFF} = {C2D968EF-B818-406D-800E-6BE2B9999051}
		{FAB7B05C-760E-4EEC-83A5-55732D8AB92A} = {17E30E9C-2B91-40A0-8694-69F41F6072A5}
		{97F17C0A-E9F0-43EB-9A4A-3B9427394165} = {903D6018-8492-4D5C-990C-7068B06197BB}
		{F172A46E-56B8-4258-AB7C-993BA467C948} = {6B08358E-D472-4432-9A30-190E4FA6A4A9}
		{705EFCAD-52AA-4607-8847-B9187E767979} = {6B08358E-D472-4432-9A30-190E4FA6A4A9}
		{903D6018-8492-4D5C-990C-7068B06197BB} = {6B08358E-D472-4432-9A30-190E4FA6A4A9}
		{C2D968EF-B818-406D-800E-6BE2B9999051} = {6B08358E-D472-4432-9A30-190E4FA6A4A9}
		{17E30E9C-2B91-40A0-8694-69F41F6072A5} = {6B08358E-D472-4432-9A30-190E4FA6A4A9}
		{8A4C3A63-A4E3-46B1-9292-87E2DC401787} = {6B08358E-D472-4432-9A30-190E4FA6A4A9}
		{5681D600-12D4-4970-87F8-5123C38BE81C} = {8A4C3A63-A4E3-46B1-9292-87E2DC401787}
	EndGlobalSection
	GlobalSection(ExtensibilityGlobals) = postSolution
		SolutionGuid = {43E1A5EF-6201-4449-A646-6018EAA014D1}
	EndGlobalSection
EndGlobal
